<?xml version="1.0" encoding="utf-8"?>
<Project ToolsVersion="4.0" xmlns="http://schemas.microsoft.com/developer/msbuild/2003">
  <ItemGroup>
    <Filter Include="源文件">
      <UniqueIdentifier>{4FC737F1-C7A5-4376-A066-2A32D752A2FF}</UniqueIdentifier>
      <Extensions>cpp;c;cc;cxx;def;odl;idl;hpj;bat;asm;asmx</Extensions>
    </Filter>
    <Filter Include="头文件">
      <UniqueIdentifier>{93995380-89BD-4b04-88EB-625FBE52EBFB}</UniqueIdentifier>
      <Extensions>h;hh;hpp;hxx;hm;inl;inc;xsd</Extensions>
    </Filter>
    <Filter Include="资源文件">
      <UniqueIdentifier>{67DA6AB6-F800-4c08-8B7A-83BB121AAD01}</UniqueIdentifier>
      <Extensions>rc;ico;cur;bmp;dlg;rc2;rct;bin;rgs;gif;jpg;jpeg;jpe;resx;tiff;tif;png;wav;mfcribbon-ms</Extensions>
    </Filter>
    <Filter Include="Minizip">
      <UniqueIdentifier>{1d1a240a-d0f9-4506-be94-3f8116c71ed1}</UniqueIdentifier>
    </Filter>
    <Filter Include="Util">
      <UniqueIdentifier>{f6d67afb-ce56-4523-8881-3881b0924346}</UniqueIdentifier>
    </Filter>
  </ItemGroup>
  <ItemGroup>
    <ClCompile Include="Main.cpp">
      <Filter>源文件</Filter>
    </ClCompile>
    <ClCompile Include="Minizip\ioapi.c">
      <Filter>Minizip</Filter>
    </ClCompile>
    <ClCompile Include="Minizip\iowin32.c">
      <Filter>Minizip</Filter>
    </ClCompile>
    <ClCompile Include="Minizip\unzip.c">
      <Filter>Minizip</Filter>
    </ClCompile>
    <ClCompile Include="Util\Jinja2Light.cpp">
      <Filter>Util</Filter>
    </ClCompile>
    <ClCompile Include="Util\Logging.cpp">
      <Filter>Util</Filter>
    </ClCompile>
    <ClCompile Include="Util\StringHelper.cpp">
      <Filter>Util</Filter>
    </ClCompile>
    <ClCompile Include="Minizip\zip.c">
      <Filter>Minizip</Filter>
    </ClCompile>
    <ClCompile Include="ZipHelper2.cpp">
      <Filter>源文件</Filter>
    </ClCompile>
    <ClCompile Include="XMLOperation.cpp">
      <Filter>源文件</Filter>
    </ClCompile>
    <ClCompile Include="WordMarker.cpp">
      <Filter>源文件</Filter>
    </ClCompile>
    <ClCompile Include="WordMarker2.cpp">
      <Filter>源文件</Filter>
    </ClCompile>
    <ClCompile Include="Util\debug_printf.cpp">
      <Filter>Util</Filter>
    </ClCompile>
    <ClCompile Include="Util\mappedfile.cpp">
      <Filter>Util</Filter>
    </ClCompile>
  </ItemGroup>
  <ItemGroup>
    <ClInclude Include="Minizip\crypt.h">
      <Filter>Minizip</Filter>
    </ClInclude>
    <ClInclude Include="Minizip\ioapi.h">
      <Filter>Minizip</Filter>
    </ClInclude>
    <ClInclude Include="Minizip\iowin32.h">
      <Filter>Minizip</Filter>
    </ClInclude>
    <ClInclude Include="Minizip\unzip.h">
      <Filter>Minizip</Filter>
    </ClInclude>
    <ClInclude Include="Util\Jinja2Light.h">
      <Filter>Util</Filter>
    </ClInclude>
    <ClInclude Include="Util\Logging.h">
      <Filter>Util</Filter>
    </ClInclude>
    <ClInclude Include="Util\StringHelper.h">
      <Filter>Util</Filter>
    </ClInclude>
    <ClInclude Include="Minizip\zconf.h">
      <Filter>Minizip</Filter>
    </ClInclude>
    <ClInclude Include="Minizip\zip.h">
      <Filter>Minizip</Filter>
    </ClInclude>
    <ClInclude Include="Minizip\zlib.h">
      <Filter>Minizip</Filter>
    </ClInclude>
    <ClInclude Include="ZipHelper2.h">
      <Filter>头文件</Filter>
    </ClInclude>
    <ClInclude Include="XmlOperation.h">
      <Filter>头文件</Filter>
    </ClInclude>
    <ClInclude Include="Util\mappedfile.h">
      <Filter>Util</Filter>
    </ClInclude>
    <ClInclude Include="WordMarker.h">
      <Filter>头文件</Filter>
    </ClInclude>
    <ClInclude Include="Util\debug_printf.h">
      <Filter>Util</Filter>
    </ClInclude>
    <ClInclude Include="WordMarker2.h">
      <Filter>头文件</Filter>
    </ClInclude>
  </ItemGroup>
</Project>